
Microsoft Visual Studio Solution File, Format Version 12.00
# Visual Studio Version 17
VisualStudioVersion = 17.5.002.0
MinimumVisualStudioVersion = 10.0.40219.1
Project("{9A19103F-16F7-4668-BE54-9A1E7A4F7556}") = "soru2", "soru2.csproj", "{BF45DDEB-8BC8-4CFE-BB4A-F1EB90BD82B3}"
EndProject
Global
	GlobalSection(SolutionConfigurationPlatforms) = preSolution
		Debug|Any CPU = Debug|Any CPU
		Release|Any CPU = Release|Any CPU
	EndGlobalSection
	GlobalSection(ProjectConfigurationPlatforms) = postSolution
		{BF45DDEB-8BC8-4CFE-BB4A-F1EB90BD82B3}.Debug|Any CPU.ActiveCfg = Debug|Any CPU
		{BF45DDEB-8BC8-4CFE-BB4A-F1EB90BD82B3}.Debug|Any CPU.Build.0 = Debug|Any CPU
		{BF45DDEB-8BC8-4CFE-BB4A-F1EB90BD82B3}.Release|Any CPU.ActiveCfg = Release|Any CPU
		{BF45DDEB-8BC8-4CFE-BB4A-F1EB90BD82B3}.Release|Any CPU.Build.0 = Release|Any CPU
	EndGlobalSection
	GlobalSection(SolutionProperties) = preSolution
		HideSolutionNode = FALSE
	EndGlobalSection
	GlobalSection(ExtensibilityGlobals) = postSolution
		SolutionGuid = {0C536716-478B-4082-B641-D211385DF10E}
	EndGlobalSection
EndGlobal
