
Microsoft Visual Studio Solution File, Format Version 12.00
# Visual Studio Version 17
VisualStudioVersion = 17.5.002.0
MinimumVisualStudioVersion = 10.0.40219.1
Project("{9A19103F-16F7-4668-BE54-9A1E7A4F7556}") = "projeMethod", "projeMethod.csproj", "{59295BFF-DE4A-4E88-91B3-96C66066FF86}"
EndProject
Project("{FAE04EC0-301F-11D3-BF4B-00C04F79EFBC}") = "newproje01", "newproje01\newproje01.csproj", "{89E57434-8B52-4CD1-B154-7A357493299E}"
EndProject
Global
	GlobalSection(SolutionConfigurationPlatforms) = preSolution
		Debug|Any CPU = Debug|Any CPU
		Release|Any CPU = Release|Any CPU
	EndGlobalSection
	GlobalSection(ProjectConfigurationPlatforms) = postSolution
		{59295BFF-DE4A-4E88-91B3-96C66066FF86}.Debug|Any CPU.ActiveCfg = Debug|Any CPU
		{59295BFF-DE4A-4E88-91B3-96C66066FF86}.Debug|Any CPU.Build.0 = Debug|Any CPU
		{59295BFF-DE4A-4E88-91B3-96C66066FF86}.Release|Any CPU.ActiveCfg = Release|Any CPU
		{59295BFF-DE4A-4E88-91B3-96C66066FF86}.Release|Any CPU.Build.0 = Release|Any CPU
		{89E57434-8B52-4CD1-B154-7A357493299E}.Debug|Any CPU.ActiveCfg = Debug|Any CPU
		{89E57434-8B52-4CD1-B154-7A357493299E}.Debug|Any CPU.Build.0 = Debug|Any CPU
		{89E57434-8B52-4CD1-B154-7A357493299E}.Release|Any CPU.ActiveCfg = Release|Any CPU
		{89E57434-8B52-4CD1-B154-7A357493299E}.Release|Any CPU.Build.0 = Release|Any CPU
	EndGlobalSection
	GlobalSection(SolutionProperties) = preSolution
		HideSolutionNode = FALSE
	EndGlobalSection
	GlobalSection(ExtensibilityGlobals) = postSolution
		SolutionGuid = {A191B625-0635-40B5-A499-C333D74CFB0D}
	EndGlobalSection
EndGlobal
